
Microsoft Visual Studio Solution File, Format Version 12.00
# Visual Studio 15
VisualStudioVersion = 15.0.26430.16
MinimumVisualStudioVersion = 10.0.40219.1
Project("{FAE04EC0-301F-11D3-BF4B-00C04F79EFBC}") = "ConnectFour.Android", "ConnectFour\ConnectFour.Android\ConnectFour.Android.csproj", "{1435488B-9111-4D24-9726-51063751B945}"
EndProject
Project("{FAE04EC0-301F-11D3-BF4B-00C04F79EFBC}") = "ConnectFour", "ConnectFour\ConnectFour\ConnectFour.csproj", "{C24C338F-63E7-41EF-8E54-233B80EC07DF}"
EndProject
Global
	GlobalSection(SolutionConfigurationPlatforms) = preSolution
		Ad-Hoc|Any CPU = Ad-Hoc|Any CPU
		Ad-Hoc|iPhone = Ad-Hoc|iPhone
		Ad-Hoc|iPhoneSimulator = Ad-Hoc|iPhoneSimulator
		AppStore|Any CPU = AppStore|Any CPU
		AppStore|iPhone = AppStore|iPhone
		AppStore|iPhoneSimulator = AppStore|iPhoneSimulator
		Debug|Any CPU = Debug|Any CPU
		Debug|iPhone = Debug|iPhone
		Debug|iPhoneSimulator = Debug|iPhoneSimulator
		Release|Any CPU = Release|Any CPU
		Release|iPhone = Release|iPhone
		Release|iPhoneSimulator = Release|iPhoneSimulator
	EndGlobalSection
	GlobalSection(ProjectConfigurationPlatforms) = postSolution
		{1435488B-9111-4D24-9726-51063751B945}.Ad-Hoc|Any CPU.ActiveCfg = Release|Any CPU
		{1435488B-9111-4D24-9726-51063751B945}.Ad-Hoc|Any CPU.Build.0 = Release|Any CPU
		{1435488B-9111-4D24-9726-51063751B945}.Ad-Hoc|Any CPU.Deploy.0 = Release|Any CPU
		{1435488B-9111-4D24-9726-51063751B945}.Ad-Hoc|iPhone.ActiveCfg = Release|Any CPU
		{1435488B-9111-4D24-9726-51063751B945}.Ad-Hoc|iPhone.Build.0 = Release|Any CPU
		{1435488B-9111-4D24-9726-51063751B945}.Ad-Hoc|iPhone.Deploy.0 = Release|Any CPU
		{1435488B-9111-4D24-9726-51063751B945}.Ad-Hoc|iPhoneSimulator.ActiveCfg = Release|Any CPU
		{1435488B-9111-4D24-9726-51063751B945}.Ad-Hoc|iPhoneSimulator.Build.0 = Release|Any CPU
		{1435488B-9111-4D24-9726-51063751B945}.Ad-Hoc|iPhoneSimulator.Deploy.0 = Release|Any CPU
		{1435488B-9111-4D24-9726-51063751B945}.AppStore|Any CPU.ActiveCfg = Release|Any CPU
		{1435488B-9111-4D24-9726-51063751B945}.AppStore|Any CPU.Build.0 = Release|Any CPU
		{1435488B-9111-4D24-9726-51063751B945}.AppStore|Any CPU.Deploy.0 = Release|Any CPU
		{1435488B-9111-4D24-9726-51063751B945}.AppStore|iPhone.ActiveCfg = Release|Any CPU
		{1435488B-9111-4D24-9726-51063751B945}.AppStore|iPhone.Build.0 = Release|Any CPU
		{1435488B-9111-4D24-9726-51063751B945}.AppStore|iPhone.Deploy.0 = Release|Any CPU
		{1435488B-9111-4D24-9726-51063751B945}.AppStore|iPhoneSimulator.ActiveCfg = Release|Any CPU
		{1435488B-9111-4D24-9726-51063751B945}.AppStore|iPhoneSimulator.Build.0 = Release|Any CPU
		{1435488B-9111-4D24-9726-51063751B945}.AppStore|iPhoneSimulator.Deploy.0 = Release|Any CPU
		{1435488B-9111-4D24-9726-51063751B945}.Debug|Any CPU.ActiveCfg = Debug|Any CPU
		{1435488B-9111-4D24-9726-51063751B945}.Debug|Any CPU.Build.0 = Debug|Any CPU
		{1435488B-9111-4D24-9726-51063751B945}.Debug|Any CPU.Deploy.0 = Debug|Any CPU
		{1435488B-9111-4D24-9726-51063751B945}.Debug|iPhone.ActiveCfg = Debug|Any CPU
		{1435488B-9111-4D24-9726-51063751B945}.Debug|iPhone.Build.0 = Debug|Any CPU
		{1435488B-9111-4D24-9726-51063751B945}.Debug|iPhone.Deploy.0 = Debug|Any CPU
		{1435488B-9111-4D24-9726-51063751B945}.Debug|iPhoneSimulator.ActiveCfg = Debug|Any CPU
		{1435488B-9111-4D24-9726-51063751B945}.Debug|iPhoneSimulator.Build.0 = Debug|Any CPU
		{1435488B-9111-4D24-9726-51063751B945}.Debug|iPhoneSimulator.Deploy.0 = Debug|Any CPU
		{1435488B-9111-4D24-9726-51063751B945}.Release|Any CPU.ActiveCfg = Release|Any CPU
		{1435488B-9111-4D24-9726-51063751B945}.Release|Any CPU.Build.0 = Release|Any CPU
		{1435488B-9111-4D24-9726-51063751B945}.Release|Any CPU.Deploy.0 = Release|Any CPU
		{1435488B-9111-4D24-9726-51063751B945}.Release|iPhone.ActiveCfg = Release|Any CPU
		{1435488B-9111-4D24-9726-51063751B945}.Release|iPhone.Build.0 = Release|Any CPU
		{1435488B-9111-4D24-9726-51063751B945}.Release|iPhone.Deploy.0 = Release|Any CPU
		{1435488B-9111-4D24-9726-51063751B945}.Release|iPhoneSimulator.ActiveCfg = Release|Any CPU
		{1435488B-9111-4D24-9726-51063751B945}.Release|iPhoneSimulator.Build.0 = Release|Any CPU
		{1435488B-9111-4D24-9726-51063751B945}.Release|iPhoneSimulator.Deploy.0 = Release|Any CPU
		{C24C338F-63E7-41EF-8E54-233B80EC07DF}.Ad-Hoc|Any CPU.ActiveCfg = Release|Any CPU
		{C24C338F-63E7-41EF-8E54-233B80EC07DF}.Ad-Hoc|Any CPU.Build.0 = Release|Any CPU
		{C24C338F-63E7-41EF-8E54-233B80EC07DF}.Ad-Hoc|iPhone.ActiveCfg = Release|Any CPU
		{C24C338F-63E7-41EF-8E54-233B80EC07DF}.Ad-Hoc|iPhone.Build.0 = Release|Any CPU
		{C24C338F-63E7-41EF-8E54-233B80EC07DF}.Ad-Hoc|iPhoneSimulator.ActiveCfg = Release|Any CPU
		{C24C338F-63E7-41EF-8E54-233B80EC07DF}.Ad-Hoc|iPhoneSimulator.Build.0 = Release|Any CPU
		{C24C338F-63E7-41EF-8E54-233B80EC07DF}.AppStore|Any CPU.ActiveCfg = Release|Any CPU
		{C24C338F-63E7-41EF-8E54-233B80EC07DF}.AppStore|Any CPU.Build.0 = Release|Any CPU
		{C24C338F-63E7-41EF-8E54-233B80EC07DF}.AppStore|iPhone.ActiveCfg = Release|Any CPU
		{C24C338F-63E7-41EF-8E54-233B80EC07DF}.AppStore|iPhone.Build.0 = Release|Any CPU
		{C24C338F-63E7-41EF-8E54-233B80EC07DF}.AppStore|iPhoneSimulator.ActiveCfg = Release|Any CPU
		{C24C338F-63E7-41EF-8E54-233B80EC07DF}.AppStore|iPhoneSimulator.Build.0 = Release|Any CPU
		{C24C338F-63E7-41EF-8E54-233B80EC07DF}.Debug|Any CPU.ActiveCfg = Debug|Any CPU
		{C24C338F-63E7-41EF-8E54-233B80EC07DF}.Debug|Any CPU.Build.0 = Debug|Any CPU
		{C24C338F-63E7-41EF-8E54-233B80EC07DF}.Debug|iPhone.ActiveCfg = Debug|Any CPU
		{C24C338F-63E7-41EF-8E54-233B80EC07DF}.Debug|iPhone.Build.0 = Debug|Any CPU
		{C24C338F-63E7-41EF-8E54-233B80EC07DF}.Debug|iPhoneSimulator.ActiveCfg = Debug|Any CPU
		{C24C338F-63E7-41EF-8E54-233B80EC07DF}.Debug|iPhoneSimulator.Build.0 = Debug|Any CPU
		{C24C338F-63E7-41EF-8E54-233B80EC07DF}.Release|Any CPU.ActiveCfg = Release|Any CPU
		{C24C338F-63E7-41EF-8E54-233B80EC07DF}.Release|Any CPU.Build.0 = Release|Any CPU
		{C24C338F-63E7-41EF-8E54-233B80EC07DF}.Release|iPhone.ActiveCfg = Release|Any CPU
		{C24C338F-63E7-41EF-8E54-233B80EC07DF}.Release|iPhone.Build.0 = Release|Any CPU
		{C24C338F-63E7-41EF-8E54-233B80EC07DF}.Release|iPhoneSimulator.ActiveCfg = Release|Any CPU
		{C24C338F-63E7-41EF-8E54-233B80EC07DF}.Release|iPhoneSimulator.Build.0 = Release|Any CPU
	EndGlobalSection
	GlobalSection(SolutionProperties) = preSolution
		HideSolutionNode = FALSE
	EndGlobalSection
EndGlobal
